# versions.lock  -  BUILD_MODE=latest  (generated by fetch-sources.sh)
BUILD_MODE=latest
COREBOOT_REF=26.06
COREBOOT_COMMIT=5cbf8afc4c08949c9b4ee1cb9dc5439add8a937e
EDK2_BRANCH=uefipayload_2605
EDK2_COMMIT=2939f4969466bfe71722494e4cea5cbaa029c709
LIBREBOOT_VERSION=26.01rev1
LIBREBOOT_TARBALL=libreboot-26.01rev1_t480_vfsp_16mb.tar.xz
LBMK_REF=26.01rev1
LBMK_COMMIT=a0857f449ae78cf90fdb81fcdf1c15259df79efe
