# versions.lock  —  BUILD_MODE=pinned  (generated by fetch-sources.sh)
BUILD_MODE=pinned
COREBOOT_REF=2a2ab9e0cca320b98fb47ad41a2a4baf7a31b7d2
COREBOOT_COMMIT=2a2ab9e0cca320b98fb47ad41a2a4baf7a31b7d2
EDK2_BRANCH=uefipayload_2603
EDK2_COMMIT=1d840d4e6ed0e9a13fee47936c330f4f0cbf6510
LIBREBOOT_VERSION=26.01rev1
LIBREBOOT_TARBALL=libreboot-26.01rev1_t480_vfsp_16mb.tar.xz
LBMK_REF=26.01rev1
LBMK_COMMIT=a0857f449ae78cf90fdb81fcdf1c15259df79efe
